
Microsoft Visual Studio Solution File, Format Version 12.00
# Visual Studio 15
Project("{FAE04EC0-301F-11D3-BF4B-00C04F79EFBC}") = "menuAR_UI", "Assembly-CSharp.csproj", "{CA0A49A7-DE18-A507-F603-0D4EF0B116D7}"
EndProject
Project("{FAE04EC0-301F-11D3-BF4B-00C04F79EFBC}") = "menuAR_UI", "Assembly-CSharp-firstpass.csproj", "{5249EE68-955A-62BA-8676-671E2CED978F}"
EndProject
Project("{FAE04EC0-301F-11D3-BF4B-00C04F79EFBC}") = "menuAR_UI", "Assembly-CSharp-Editor.csproj", "{E1057E3A-92D5-71B7-796D-1EE96699B2BC}"
EndProject
Global
	GlobalSection(SolutionConfigurationPlatforms) = preSolution
		Debug|Any CPU = Debug|Any CPU
		Release|Any CPU = Release|Any CPU
	EndGlobalSection
	GlobalSection(ProjectConfigurationPlatforms) = postSolution
		{CA0A49A7-DE18-A507-F603-0D4EF0B116D7}.Debug|Any CPU.ActiveCfg = Debug|Any CPU
		{CA0A49A7-DE18-A507-F603-0D4EF0B116D7}.Debug|Any CPU.Build.0 = Debug|Any CPU
		{CA0A49A7-DE18-A507-F603-0D4EF0B116D7}.Release|Any CPU.ActiveCfg = Release|Any CPU
		{CA0A49A7-DE18-A507-F603-0D4EF0B116D7}.Release|Any CPU.Build.0 = Release|Any CPU
		{5249EE68-955A-62BA-8676-671E2CED978F}.Debug|Any CPU.ActiveCfg = Debug|Any CPU
		{5249EE68-955A-62BA-8676-671E2CED978F}.Debug|Any CPU.Build.0 = Debug|Any CPU
		{5249EE68-955A-62BA-8676-671E2CED978F}.Release|Any CPU.ActiveCfg = Release|Any CPU
		{5249EE68-955A-62BA-8676-671E2CED978F}.Release|Any CPU.Build.0 = Release|Any CPU
		{E1057E3A-92D5-71B7-796D-1EE96699B2BC}.Debug|Any CPU.ActiveCfg = Debug|Any CPU
		{E1057E3A-92D5-71B7-796D-1EE96699B2BC}.Debug|Any CPU.Build.0 = Debug|Any CPU
		{E1057E3A-92D5-71B7-796D-1EE96699B2BC}.Release|Any CPU.ActiveCfg = Release|Any CPU
		{E1057E3A-92D5-71B7-796D-1EE96699B2BC}.Release|Any CPU.Build.0 = Release|Any CPU
	EndGlobalSection
	GlobalSection(SolutionProperties) = preSolution
		HideSolutionNode = FALSE
	EndGlobalSection
EndGlobal
